// !$*UTF8*$!
{
	archiveVersion = 1;
	classes = {
	};
	objectVersion = 56;
	objects = {

/* Begin PBXBuildFile section */
		340A27F52C9B39D4009128F7 /* Generator.c in Sources */ = {isa = PBXBuildFile; fileRef = 340A27F42C9B39D4009128F7 /* Generator.c */; };
		340A27FC2C9B3A19009128F7 /* Fibonacci.c in Sources */ = {isa = PBXBuildFile; fileRef = 340A27FB2C9B3A19009128F7 /* Fibonacci.c */; };
		340A27FE2C9B3A2A009128F7 /* Perrin.c in Sources */ = {isa = PBXBuildFile; fileRef = 340A27FD2C9B3A2A009128F7 /* Perrin.c */; };
		340A28002C9B3A3B009128F7 /* Composite.c in Sources */ = {isa = PBXBuildFile; fileRef = 340A27FF2C9B3A3B009128F7 /* Composite.c */; };
/* End PBXBuildFile section */

/* Begin PBXCopyFilesBuildPhase section */
		340A27EF2C9B39D4009128F7 /* CopyFiles */ = {
			isa = PBXCopyFilesBuildPhase;
			buildActionMask = 2147483647;
			dstPath = /usr/share/man/man1/;
			dstSubfolderSpec = 0;
			files = (
			);
			runOnlyForDeploymentPostprocessing = 1;
		};
/* End PBXCopyFilesBuildPhase section */

/* Begin PBXFileReference section */
		340A27F12C9B39D4009128F7 /* HW2-370 */ = {isa = PBXFileReference; explicitFileType = "compiled.mach-o.executable"; includeInIndex = 0; path = "HW2-370"; sourceTree = BUILT_PRODUCTS_DIR; };
		340A27F42C9B39D4009128F7 /* Generator.c */ = {isa = PBXFileReference; lastKnownFileType = sourcecode.c.c; path = Generator.c; sourceTree = "<group>"; };
		340A27FB2C9B3A19009128F7 /* Fibonacci.c */ = {isa = PBXFileReference; lastKnownFileType = sourcecode.c.c; path = Fibonacci.c; sourceTree = "<group>"; };
		340A27FD2C9B3A2A009128F7 /* Perrin.c */ = {isa = PBXFileReference; lastKnownFileType = sourcecode.c.c; path = Perrin.c; sourceTree = "<group>"; };
		340A27FF2C9B3A3B009128F7 /* Composite.c */ = {isa = PBXFileReference; lastKnownFileType = sourcecode.c.c; path = Composite.c; sourceTree = "<group>"; };
		340A28012C9B3A66009128F7 /* README.md */ = {isa = PBXFileReference; lastKnownFileType = net.daringfireball.markdown; path = README.md; sourceTree = "<group>"; };
		340A28022C9B41A9009128F7 /* input.txt */ = {isa = PBXFileReference; lastKnownFileType = text; path = input.txt; sourceTree = "<group>"; };
/* End PBXFileReference section */

/* Begin PBXFrameworksBuildPhase section */
		340A27EE2C9B39D4009128F7 /* Frameworks */ = {
			isa = PBXFrameworksBuildPhase;
			buildActionMask = 2147483647;
			files = (
			);
			runOnlyForDeploymentPostprocessing = 0;
		};
/* End PBXFrameworksBuildPhase section */

/* Begin PBXGroup section */
		340A27E82C9B39D4009128F7 = {
			isa = PBXGroup;
			children = (
				340A27F32C9B39D4009128F7 /* HW2-370 */,
				340A27F22C9B39D4009128F7 /* Products */,
			);
			sourceTree = "<group>";
		};
		340A27F22C9B39D4009128F7 /* Products */ = {
			isa = PBXGroup;
			children = (
				340A27F12C9B39D4009128F7 /* HW2-370 */,
			);
			name = Products;
			sourceTree = "<group>";
		};
		340A27F32C9B39D4009128F7 /* HW2-370 */ = {
			isa = PBXGroup;
			children = (
				340A27F42C9B39D4009128F7 /* Generator.c */,
				340A27FB2C9B3A19009128F7 /* Fibonacci.c */,
				340A27FD2C9B3A2A009128F7 /* Perrin.c */,
				340A27FF2C9B3A3B009128F7 /* Composite.c */,
				340A28012C9B3A66009128F7 /* README.md */,
				340A28022C9B41A9009128F7 /* input.txt */,
			);
			path = "HW2-370";
			sourceTree = "<group>";
		};
/* End PBXGroup section */

/* Begin PBXNativeTarget section */
		340A27F02C9B39D4009128F7 /* HW2-370 */ = {
			isa = PBXNativeTarget;
			buildConfigurationList = 340A27F82C9B39D4009128F7 /* Build configuration list for PBXNativeTarget "HW2-370" */;
			buildPhases = (
				340A27ED2C9B39D4009128F7 /* Sources */,
				340A27EE2C9B39D4009128F7 /* Frameworks */,
				340A27EF2C9B39D4009128F7 /* CopyFiles */,
			);
			buildRules = (
			);
			dependencies = (
			);
			name = "HW2-370";
			productName = "HW2-370";
			productReference = 340A27F12C9B39D4009128F7 /* HW2-370 */;
			productType = "com.apple.product-type.tool";
		};
/* End PBXNativeTarget section */

/* Begin PBXProject section */
		340A27E92C9B39D4009128F7 /* Project object */ = {
			isa = PBXProject;
			attributes = {
				BuildIndependentTargetsInParallel = 1;
				LastUpgradeCheck = 1540;
				TargetAttributes = {
					340A27F02C9B39D4009128F7 = {
						CreatedOnToolsVersion = 15.4;
					};
				};
			};
			buildConfigurationList = 340A27EC2C9B39D4009128F7 /* Build configuration list for PBXProject "HW2-370" */;
			compatibilityVersion = "Xcode 14.0";
			developmentRegion = en;
			hasScannedForEncodings = 0;
			knownRegions = (
				en,
				Base,
			);
			mainGroup = 340A27E82C9B39D4009128F7;
			productRefGroup = 340A27F22C9B39D4009128F7 /* Products */;
			projectDirPath = "";
			projectRoot = "";
			targets = (
				340A27F02C9B39D4009128F7 /* HW2-370 */,
			);
		};
/* End PBXProject section */

/* Begin PBXSourcesBuildPhase section */
		340A27ED2C9B39D4009128F7 /* Sources */ = {
			isa = PBXSourcesBuildPhase;
			buildActionMask = 2147483647;
			files = (
				340A27FC2C9B3A19009128F7 /* Fibonacci.c in Sources */,
				340A27FE2C9B3A2A009128F7 /* Perrin.c in Sources */,
				340A27F52C9B39D4009128F7 /* Generator.c in Sources */,
				340A28002C9B3A3B009128F7 /* Composite.c in Sources */,
			);
			runOnlyForDeploymentPostprocessing = 0;
		};
/* End PBXSourcesBuildPhase section */

/* Begin XCBuildConfiguration section */
		340A27F62C9B39D4009128F7 /* Debug */ = {
			isa = XCBuildConfiguration;
			buildSettings = {
				ALWAYS_SEARCH_USER_PATHS = NO;
				ASSETCATALOG_COMPILER_GENERATE_SWIFT_ASSET_SYMBOL_EXTENSIONS = YES;
				CLANG_ANALYZER_NONNULL = YES;
				CLANG_ANALYZER_NUMBER_OBJECT_CONVERSION = YES_AGGRESSIVE;
				CLANG_CXX_LANGUAGE_STANDARD = "gnu++20";
				CLANG_ENABLE_MODULES = YES;
				CLANG_ENABLE_OBJC_ARC = YES;
				CLANG_ENABLE_OBJC_WEAK = YES;
				CLANG_WARN_BLOCK_CAPTURE_AUTORELEASING = YES;
				CLANG_WARN_BOOL_CONVERSION = YES;
				CLANG_WARN_COMMA = YES;
				CLANG_WARN_CONSTANT_CONVERSION = YES;
				CLANG_WARN_DEPRECATED_OBJC_IMPLEMENTATIONS = YES;
				CLANG_WARN_DIRECT_OBJC_ISA_USAGE = YES_ERROR;
				CLANG_WARN_DOCUMENTATION_COMMENTS = YES;
				CLANG_WARN_EMPTY_BODY = YES;
				CLANG_WARN_ENUM_CONVERSION = YES;
				CLANG_WARN_INFINITE_RECURSION = YES;
				CLANG_WARN_INT_CONVERSION = YES;
				CLANG_WARN_NON_LITERAL_NULL_CONVERSION = YES;
				CLANG_WARN_OBJC_IMPLICIT_RETAIN_SELF = YES;
				CLANG_WARN_OBJC_LITERAL_CONVERSION = YES;
				CLANG_WARN_OBJC_ROOT_CLASS = YES_ERROR;
				CLANG_WARN_QUOTED_INCLUDE_IN_FRAMEWORK_HEADER = YES;
				CLANG_WARN_RANGE_LOOP_ANALYSIS = YES;
				CLANG_WARN_STRICT_PROTOTYPES = YES;
				CLANG_WARN_SUSPICIOUS_MOVE = YES;
				CLANG_WARN_UNGUARDED_AVAILABILITY = YES_AGGRESSIVE;
				CLANG_WARN_UNREACHABLE_CODE = YES;
				CLANG_WARN__DUPLICATE_METHOD_MATCH = YES;
				COPY_PHASE_STRIP = NO;
				DEBUG_INFORMATION_FORMAT = dwarf;
				ENABLE_STRICT_OBJC_MSGSEND = YES;
				ENABLE_TESTABILITY = YES;
				ENABLE_USER_SCRIPT_SANDBOXING = YES;
				GCC_C_LANGUAGE_STANDARD = gnu17;
				GCC_DYNAMIC_NO_PIC = NO;
				GCC_NO_COMMON_BLOCKS = YES;
				GCC_OPTIMIZATION_LEVEL = 0;
				GCC_PREPROCESSOR_DEFINITIONS = (
					"DEBUG=1",
					"$(inherited)",
				);
				GCC_WARN_64_TO_32_BIT_CONVERSION = YES;
				GCC_WARN_ABOUT_RETURN_TYPE = YES_ERROR;
				GCC_WARN_UNDECLARED_SELECTOR = YES;
				GCC_WARN_UNINITIALIZED_AUTOS = YES_AGGRESSIVE;
				GCC_WARN_UNUSED_FUNCTION = YES;
				GCC_WARN_UNUSED_VARIABLE = YES;
				LOCALIZATION_PREFERS_STRING_CATALOGS = YES;
				MACOSX_DEPLOYMENT_TARGET = 14.5;
				MTL_ENABLE_DEBUG_INFO = INCLUDE_SOURCE;
				MTL_FAST_MATH = YES;
				ONLY_ACTIVE_ARCH = YES;
				SDKROOT = macosx;
			};
			name = Debug;
		};
		340A27F72C9B39D4009128F7 /* Release */ = {
			isa = XCBuildConfiguration;
			buildSettings = {
				ALWAYS_SEARCH_USER_PATHS = NO;
				ASSETCATALOG_COMPILER_GENERATE_SWIFT_ASSET_SYMBOL_EXTENSIONS = YES;
				CLANG_ANALYZER_NONNULL = YES;
				CLANG_ANALYZER_NUMBER_OBJECT_CONVERSION = YES_AGGRESSIVE;
				CLANG_CXX_LANGUAGE_STANDARD = "gnu++20";
				CLANG_ENABLE_MODULES = YES;
				CLANG_ENABLE_OBJC_ARC = YES;
				CLANG_ENABLE_OBJC_WEAK = YES;
				CLANG_WARN_BLOCK_CAPTURE_AUTORELEASING = YES;
				CLANG_WARN_BOOL_CONVERSION = YES;
				CLANG_WARN_COMMA = YES;
				CLANG_WARN_CONSTANT_CONVERSION = YES;
				CLANG_WARN_DEPRECATED_OBJC_IMPLEMENTATIONS = YES;
				CLANG_WARN_DIRECT_OBJC_ISA_USAGE = YES_ERROR;
				CLANG_WARN_DOCUMENTATION_COMMENTS = YES;
				CLANG_WARN_EMPTY_BODY = YES;
				CLANG_WARN_ENUM_CONVERSION = YES;
				CLANG_WARN_INFINITE_RECURSION = YES;
				CLANG_WARN_INT_CONVERSION = YES;
				CLANG_WARN_NON_LITERAL_NULL_CONVERSION = YES;
				CLANG_WARN_OBJC_IMPLICIT_RETAIN_SELF = YES;
				CLANG_WARN_OBJC_LITERAL_CONVERSION = YES;
				CLANG_WARN_OBJC_ROOT_CLASS = YES_ERROR;
				CLANG_WARN_QUOTED_INCLUDE_IN_FRAMEWORK_HEADER = YES;
				CLANG_WARN_RANGE_LOOP_ANALYSIS = YES;
				CLANG_WARN_STRICT_PROTOTYPES = YES;
				CLANG_WARN_SUSPICIOUS_MOVE = YES;
				CLANG_WARN_UNGUARDED_AVAILABILITY = YES_AGGRESSIVE;
				CLANG_WARN_UNREACHABLE_CODE = YES;
				CLANG_WARN__DUPLICATE_METHOD_MATCH = YES;
				COPY_PHASE_STRIP = NO;
				DEBUG_INFORMATION_FORMAT = "dwarf-with-dsym";
				ENABLE_NS_ASSERTIONS = NO;
				ENABLE_STRICT_OBJC_MSGSEND = YES;
				ENABLE_USER_SCRIPT_SANDBOXING = YES;
				GCC_C_LANGUAGE_STANDARD = gnu17;
				GCC_NO_COMMON_BLOCKS = YES;
				GCC_WARN_64_TO_32_BIT_CONVERSION = YES;
				GCC_WARN_ABOUT_RETURN_TYPE = YES_ERROR;
				GCC_WARN_UNDECLARED_SELECTOR = YES;
				GCC_WARN_UNINITIALIZED_AUTOS = YES_AGGRESSIVE;
				GCC_WARN_UNUSED_FUNCTION = YES;
				GCC_WARN_UNUSED_VARIABLE = YES;
				LOCALIZATION_PREFERS_STRING_CATALOGS = YES;
				MACOSX_DEPLOYMENT_TARGET = 14.5;
				MTL_ENABLE_DEBUG_INFO = NO;
				MTL_FAST_MATH = YES;
				SDKROOT = macosx;
			};
			name = Release;
		};
		340A27F92C9B39D4009128F7 /* Debug */ = {
			isa = XCBuildConfiguration;
			buildSettings = {
				CODE_SIGN_STYLE = Automatic;
				PRODUCT_NAME = "$(TARGET_NAME)";
			};
			name = Debug;
		};
		340A27FA2C9B39D4009128F7 /* Release */ = {
			isa = XCBuildConfiguration;
			buildSettings = {
				CODE_SIGN_STYLE = Automatic;
				PRODUCT_NAME = "$(TARGET_NAME)";
			};
			name = Release;
		};
/* End XCBuildConfiguration section */

/* Begin XCConfigurationList section */
		340A27EC2C9B39D4009128F7 /* Build configuration list for PBXProject "HW2-370" */ = {
			isa = XCConfigurationList;
			buildConfigurations = (
				340A27F62C9B39D4009128F7 /* Debug */,
				340A27F72C9B39D4009128F7 /* Release */,
			);
			defaultConfigurationIsVisible = 0;
			defaultConfigurationName = Release;
		};
		340A27F82C9B39D4009128F7 /* Build configuration list for PBXNativeTarget "HW2-370" */ = {
			isa = XCConfigurationList;
			buildConfigurations = (
				340A27F92C9B39D4009128F7 /* Debug */,
				340A27FA2C9B39D4009128F7 /* Release */,
			);
			defaultConfigurationIsVisible = 0;
			defaultConfigurationName = Release;
		};
/* End XCConfigurationList section */
	};
	rootObject = 340A27E92C9B39D4009128F7 /* Project object */;
}
